
Microsoft Visual Studio Solution File, Format Version 12.00
# Visual Studio 15
VisualStudioVersion = 15.0.27703.2035
MinimumVisualStudioVersion = 10.0.40219.1
Project("{FAE04EC0-301F-11D3-BF4B-00C04F79EFBC}") = "CmakeShell", "CmakeShell\CmakeShell.csproj", "{0077877A-4398-42AB-B106-B11106AEFFD8}"
EndProject
Global
	GlobalSection(SolutionConfigurationPlatforms) = preSolution
		Debug|Any CPU = Debug|Any CPU
		Release|Any CPU = Release|Any CPU
	EndGlobalSection
	GlobalSection(ProjectConfigurationPlatforms) = postSolution
		{0077877A-4398-42AB-B106-B11106AEFFD8}.Debug|Any CPU.ActiveCfg = Debug|Any CPU
		{0077877A-4398-42AB-B106-B11106AEFFD8}.Debug|Any CPU.Build.0 = Debug|Any CPU
		{0077877A-4398-42AB-B106-B11106AEFFD8}.Release|Any CPU.ActiveCfg = Release|Any CPU
		{0077877A-4398-42AB-B106-B11106AEFFD8}.Release|Any CPU.Build.0 = Release|Any CPU
	EndGlobalSection
	GlobalSection(SolutionProperties) = preSolution
		HideSolutionNode = FALSE
	EndGlobalSection
	GlobalSection(ExtensibilityGlobals) = postSolution
		SolutionGuid = {6BD2E97A-5456-4202-ABAA-7D6135690EB7}
	EndGlobalSection
EndGlobal
